
Microsoft Visual Studio Solution File, Format Version 12.00
# Visual Studio Version 17
VisualStudioVersion = 17.4.33205.214
MinimumVisualStudioVersion = 10.0.40219.1
Project("{FAE04EC0-301F-11D3-BF4B-00C04F79EFBC}") = "eMovieTickets", "eMovieTickets\eMovieTickets.csproj", "{2D725E4F-D042-48C3-99DE-C011C4ACD8B5}"
EndProject
Global
	GlobalSection(SolutionConfigurationPlatforms) = preSolution
		Debug|Any CPU = Debug|Any CPU
		Release|Any CPU = Release|Any CPU
	EndGlobalSection
	GlobalSection(ProjectConfigurationPlatforms) = postSolution
		{2D725E4F-D042-48C3-99DE-C011C4ACD8B5}.Debug|Any CPU.ActiveCfg = Debug|Any CPU
		{2D725E4F-D042-48C3-99DE-C011C4ACD8B5}.Debug|Any CPU.Build.0 = Debug|Any CPU
		{2D725E4F-D042-48C3-99DE-C011C4ACD8B5}.Release|Any CPU.ActiveCfg = Release|Any CPU
		{2D725E4F-D042-48C3-99DE-C011C4ACD8B5}.Release|Any CPU.Build.0 = Release|Any CPU
	EndGlobalSection
	GlobalSection(SolutionProperties) = preSolution
		HideSolutionNode = FALSE
	EndGlobalSection
	GlobalSection(ExtensibilityGlobals) = postSolution
		SolutionGuid = {92437830-78EB-4492-A9F4-95F7A49EF36E}
	EndGlobalSection
EndGlobal
